// !$*UTF8*$!
{
	archiveVersion = 1;
	classes = {
	};
	objectVersion = 50;
	objects = {

/* Begin PBXBuildFile section */
		E4CE6AC22131498B00E4E865 /* Reduxion_iOS.framework in Frameworks */ = {isa = PBXBuildFile; fileRef = E4CE6AB82131498B00E4E865 /* Reduxion_iOS.framework */; };
		E4CE6AC72131498B00E4E865 /* Reduxion_iOSTests.swift in Sources */ = {isa = PBXBuildFile; fileRef = E4CE6AC62131498B00E4E865 /* Reduxion_iOSTests.swift */; };
		E4CE6AC92131498B00E4E865 /* Reduxion_iOS.h in Headers */ = {isa = PBXBuildFile; fileRef = E4CE6ABB2131498B00E4E865 /* Reduxion_iOS.h */; settings = {ATTRIBUTES = (Public, ); }; };
		E4CE6AD821314BE400E4E865 /* AppState.swift in Sources */ = {isa = PBXBuildFile; fileRef = E4CE6AD321314BE400E4E865 /* AppState.swift */; };
		E4CE6AD921314BE400E4E865 /* Actions.swift in Sources */ = {isa = PBXBuildFile; fileRef = E4CE6AD421314BE400E4E865 /* Actions.swift */; };
		E4CE6ADA21314BE400E4E865 /* ServiceFactory.swift in Sources */ = {isa = PBXBuildFile; fileRef = E4CE6AD521314BE400E4E865 /* ServiceFactory.swift */; };
		E4CE6ADB21314BE400E4E865 /* LogicCoordinator.swift in Sources */ = {isa = PBXBuildFile; fileRef = E4CE6AD621314BE400E4E865 /* LogicCoordinator.swift */; };
		E4CE6ADC21314BE400E4E865 /* ServiceConstants.swift in Sources */ = {isa = PBXBuildFile; fileRef = E4CE6AD721314BE400E4E865 /* ServiceConstants.swift */; };
		E4D4FE702133784400438A8F /* ObjCTryCatch.m in Sources */ = {isa = PBXBuildFile; fileRef = E4D4FE6E2133784400438A8F /* ObjCTryCatch.m */; };
		E4D4FE712133784400438A8F /* ObjCTryCatch.m in Sources */ = {isa = PBXBuildFile; fileRef = E4D4FE6E2133784400438A8F /* ObjCTryCatch.m */; };
		E4D4FE802133BAC100438A8F /* Application Delegate in Sources */ = {isa = PBXBuildFile; fileRef = E4D4FE7F2133BAC100438A8F /* Application Delegate */; };
		E4D4FE822133BEB500438A8F /* FooLogic.swift in Sources */ = {isa = PBXBuildFile; fileRef = E4D4FE7E2133B78E00438A8F /* FooLogic.swift */; };
		E4D4FE832133BEB600438A8F /* FooLogic.swift in Sources */ = {isa = PBXBuildFile; fileRef = E4D4FE7E2133B78E00438A8F /* FooLogic.swift */; };
		E4D4FE842133BEBB00438A8F /* LogicCoordinator.swift in Sources */ = {isa = PBXBuildFile; fileRef = E4CE6AD621314BE400E4E865 /* LogicCoordinator.swift */; };
		E4D4FE862133BF0300438A8F /* FooService.swift in Sources */ = {isa = PBXBuildFile; fileRef = E4D4FE852133BF0300438A8F /* FooService.swift */; };
		E4D4FE872133BF0300438A8F /* FooService.swift in Sources */ = {isa = PBXBuildFile; fileRef = E4D4FE852133BF0300438A8F /* FooService.swift */; };
		E4D4FE892133BFBF00438A8F /* Constants.swift in Sources */ = {isa = PBXBuildFile; fileRef = E4D4FE882133BFBF00438A8F /* Constants.swift */; };
		E4D4FE8A2133BFBF00438A8F /* Constants.swift in Sources */ = {isa = PBXBuildFile; fileRef = E4D4FE882133BFBF00438A8F /* Constants.swift */; };
		E4D4FE8C2133C28F00438A8F /* Macros.swift in Sources */ = {isa = PBXBuildFile; fileRef = E4D4FE8B2133C28F00438A8F /* Macros.swift */; };
		E4D4FE8D2133C28F00438A8F /* Macros.swift in Sources */ = {isa = PBXBuildFile; fileRef = E4D4FE8B2133C28F00438A8F /* Macros.swift */; };
/* End PBXBuildFile section */

/* Begin PBXContainerItemProxy section */
		E4CE6AC32131498B00E4E865 /* PBXContainerItemProxy */ = {
			isa = PBXContainerItemProxy;
			containerPortal = E4CE6AAF2131498B00E4E865 /* Project object */;
			proxyType = 1;
			remoteGlobalIDString = E4CE6AB72131498B00E4E865;
			remoteInfo = "Reduxion-iOS";
		};
/* End PBXContainerItemProxy section */

/* Begin PBXFileReference section */
		E4CE6AB82131498B00E4E865 /* Reduxion_iOS.framework */ = {isa = PBXFileReference; explicitFileType = wrapper.framework; includeInIndex = 0; path = Reduxion_iOS.framework; sourceTree = BUILT_PRODUCTS_DIR; };
		E4CE6ABB2131498B00E4E865 /* Reduxion_iOS.h */ = {isa = PBXFileReference; lastKnownFileType = sourcecode.c.h; path = Reduxion_iOS.h; sourceTree = "<group>"; };
		E4CE6ABC2131498B00E4E865 /* Info.plist */ = {isa = PBXFileReference; lastKnownFileType = text.plist.xml; path = Info.plist; sourceTree = "<group>"; };
		E4CE6AC12131498B00E4E865 /* Reduxion-iOSTests.xctest */ = {isa = PBXFileReference; explicitFileType = wrapper.cfbundle; includeInIndex = 0; path = "Reduxion-iOSTests.xctest"; sourceTree = BUILT_PRODUCTS_DIR; };
		E4CE6AC62131498B00E4E865 /* Reduxion_iOSTests.swift */ = {isa = PBXFileReference; lastKnownFileType = sourcecode.swift; path = Reduxion_iOSTests.swift; sourceTree = "<group>"; };
		E4CE6AC82131498B00E4E865 /* Info.plist */ = {isa = PBXFileReference; lastKnownFileType = text.plist.xml; path = Info.plist; sourceTree = "<group>"; };
		E4CE6AD321314BE400E4E865 /* AppState.swift */ = {isa = PBXFileReference; fileEncoding = 4; lastKnownFileType = sourcecode.swift; path = AppState.swift; sourceTree = "<group>"; };
		E4CE6AD421314BE400E4E865 /* Actions.swift */ = {isa = PBXFileReference; fileEncoding = 4; lastKnownFileType = sourcecode.swift; path = Actions.swift; sourceTree = "<group>"; };
		E4CE6AD521314BE400E4E865 /* ServiceFactory.swift */ = {isa = PBXFileReference; fileEncoding = 4; lastKnownFileType = sourcecode.swift; path = ServiceFactory.swift; sourceTree = "<group>"; };
		E4CE6AD621314BE400E4E865 /* LogicCoordinator.swift */ = {isa = PBXFileReference; fileEncoding = 4; lastKnownFileType = sourcecode.swift; path = LogicCoordinator.swift; sourceTree = "<group>"; };
		E4CE6AD721314BE400E4E865 /* ServiceConstants.swift */ = {isa = PBXFileReference; fileEncoding = 4; lastKnownFileType = sourcecode.swift; path = ServiceConstants.swift; sourceTree = "<group>"; };
		E4D4FE6C2133784300438A8F /* Reduxion-iOSTests-Bridging-Header.h */ = {isa = PBXFileReference; lastKnownFileType = sourcecode.c.h; path = "Reduxion-iOSTests-Bridging-Header.h"; sourceTree = "<group>"; };
		E4D4FE6D2133784400438A8F /* ObjCTryCatch.h */ = {isa = PBXFileReference; fileEncoding = 4; lastKnownFileType = sourcecode.c.h; name = ObjCTryCatch.h; path = "third-party code/ObjCTryCatch/ObjCTryCatch.h"; sourceTree = SOURCE_ROOT; };
		E4D4FE6E2133784400438A8F /* ObjCTryCatch.m */ = {isa = PBXFileReference; fileEncoding = 4; lastKnownFileType = sourcecode.c.objc; name = ObjCTryCatch.m; path = "third-party code/ObjCTryCatch/ObjCTryCatch.m"; sourceTree = SOURCE_ROOT; };
		E4D4FE742133AE2000438A8F /* README.md */ = {isa = PBXFileReference; lastKnownFileType = net.daringfireball.markdown; name = README.md; path = ../README.md; sourceTree = "<group>"; };
		E4D4FE7E2133B78E00438A8F /* FooLogic.swift */ = {isa = PBXFileReference; lastKnownFileType = sourcecode.swift; name = FooLogic.swift; path = "use cases/Foo/FooLogic.swift"; sourceTree = SOURCE_ROOT; };
		E4D4FE7F2133BAC100438A8F /* Application Delegate */ = {isa = PBXFileReference; lastKnownFileType = folder; name = "Application Delegate"; path = "Use cases/Application Delegate"; sourceTree = SOURCE_ROOT; };
		E4D4FE852133BF0300438A8F /* FooService.swift */ = {isa = PBXFileReference; lastKnownFileType = sourcecode.swift; name = FooService.swift; path = "Use cases/Foo/FooService.swift"; sourceTree = SOURCE_ROOT; };
		E4D4FE882133BFBF00438A8F /* Constants.swift */ = {isa = PBXFileReference; lastKnownFileType = sourcecode.swift; name = Constants.swift; path = "Use cases/Constants.swift"; sourceTree = SOURCE_ROOT; };
		E4D4FE8B2133C28F00438A8F /* Macros.swift */ = {isa = PBXFileReference; lastKnownFileType = sourcecode.swift; name = Macros.swift; path = "Use cases/Macros.swift"; sourceTree = SOURCE_ROOT; };
/* End PBXFileReference section */

/* Begin PBXFrameworksBuildPhase section */
		E4CE6AB52131498B00E4E865 /* Frameworks */ = {
			isa = PBXFrameworksBuildPhase;
			buildActionMask = 2147483647;
			files = (
			);
			runOnlyForDeploymentPostprocessing = 0;
		};
		E4CE6ABE2131498B00E4E865 /* Frameworks */ = {
			isa = PBXFrameworksBuildPhase;
			buildActionMask = 2147483647;
			files = (
				E4CE6AC22131498B00E4E865 /* Reduxion_iOS.framework in Frameworks */,
			);
			runOnlyForDeploymentPostprocessing = 0;
		};
/* End PBXFrameworksBuildPhase section */

/* Begin PBXGroup section */
		E4CE6AAE2131498B00E4E865 = {
			isa = PBXGroup;
			children = (
				E4D4FE732133AE0E00438A8F /* _Documentation */,
				E4CE6ADD21314BE800E4E865 /* Unidirectional data flow */,
				E4D4FE782133B37D00438A8F /* Services */,
				E4D4FE7C2133B6F200438A8F /* Use cases */,
				E4D4FE6B2133781600438A8F /* third-party code */,
				E4CE6ABA2131498B00E4E865 /* Reduxion-iOS */,
				E4CE6AC52131498B00E4E865 /* Reduxion-iOSTests */,
				E4CE6AB92131498B00E4E865 /* Products */,
			);
			sourceTree = "<group>";
		};
		E4CE6AB92131498B00E4E865 /* Products */ = {
			isa = PBXGroup;
			children = (
				E4CE6AB82131498B00E4E865 /* Reduxion_iOS.framework */,
				E4CE6AC12131498B00E4E865 /* Reduxion-iOSTests.xctest */,
			);
			name = Products;
			sourceTree = "<group>";
		};
		E4CE6ABA2131498B00E4E865 /* Reduxion-iOS */ = {
			isa = PBXGroup;
			children = (
				E4CE6ABB2131498B00E4E865 /* Reduxion_iOS.h */,
				E4CE6ABC2131498B00E4E865 /* Info.plist */,
			);
			path = "Reduxion-iOS";
			sourceTree = "<group>";
		};
		E4CE6AC52131498B00E4E865 /* Reduxion-iOSTests */ = {
			isa = PBXGroup;
			children = (
				E4CE6AC62131498B00E4E865 /* Reduxion_iOSTests.swift */,
				E4CE6AC82131498B00E4E865 /* Info.plist */,
			);
			path = "Reduxion-iOSTests";
			sourceTree = "<group>";
		};
		E4CE6ADD21314BE800E4E865 /* Unidirectional data flow */ = {
			isa = PBXGroup;
			children = (
				E4CE6AD421314BE400E4E865 /* Actions.swift */,
				E4CE6AD321314BE400E4E865 /* AppState.swift */,
				E4CE6AD621314BE400E4E865 /* LogicCoordinator.swift */,
			);
			path = "Unidirectional data flow";
			sourceTree = "<group>";
		};
		E4D4FE6B2133781600438A8F /* third-party code */ = {
			isa = PBXGroup;
			children = (
				E4D4FE6C2133784300438A8F /* Reduxion-iOSTests-Bridging-Header.h */,
				E4D4FE722133786900438A8F /* ObjCTryCatch */,
			);
			path = "third-party code";
			sourceTree = "<group>";
		};
		E4D4FE722133786900438A8F /* ObjCTryCatch */ = {
			isa = PBXGroup;
			children = (
				E4D4FE6D2133784400438A8F /* ObjCTryCatch.h */,
				E4D4FE6E2133784400438A8F /* ObjCTryCatch.m */,
			);
			path = ObjCTryCatch;
			sourceTree = "<group>";
		};
		E4D4FE732133AE0E00438A8F /* _Documentation */ = {
			isa = PBXGroup;
			children = (
				E4D4FE742133AE2000438A8F /* README.md */,
			);
			path = _Documentation;
			sourceTree = "<group>";
		};
		E4D4FE782133B37D00438A8F /* Services */ = {
			isa = PBXGroup;
			children = (
				E4CE6AD721314BE400E4E865 /* ServiceConstants.swift */,
				E4CE6AD521314BE400E4E865 /* ServiceFactory.swift */,
			);
			path = Services;
			sourceTree = "<group>";
		};
		E4D4FE7C2133B6F200438A8F /* Use cases */ = {
			isa = PBXGroup;
			children = (
				E4D4FE882133BFBF00438A8F /* Constants.swift */,
				E4D4FE8B2133C28F00438A8F /* Macros.swift */,
				E4D4FE812133BC0800438A8F /* Application Delegate */,
				E4D4FE7D2133B74200438A8F /* Foo */,
			);
			name = "Use cases";
			path = "New Group";
			sourceTree = "<group>";
		};
		E4D4FE7D2133B74200438A8F /* Foo */ = {
			isa = PBXGroup;
			children = (
				E4D4FE7E2133B78E00438A8F /* FooLogic.swift */,
				E4D4FE852133BF0300438A8F /* FooService.swift */,
			);
			path = Foo;
			sourceTree = "<group>";
		};
		E4D4FE812133BC0800438A8F /* Application Delegate */ = {
			isa = PBXGroup;
			children = (
				E4D4FE7F2133BAC100438A8F /* Application Delegate */,
			);
			path = "Application Delegate";
			sourceTree = "<group>";
		};
/* End PBXGroup section */

/* Begin PBXHeadersBuildPhase section */
		E4CE6AB32131498B00E4E865 /* Headers */ = {
			isa = PBXHeadersBuildPhase;
			buildActionMask = 2147483647;
			files = (
				E4CE6AC92131498B00E4E865 /* Reduxion_iOS.h in Headers */,
			);
			runOnlyForDeploymentPostprocessing = 0;
		};
/* End PBXHeadersBuildPhase section */

/* Begin PBXNativeTarget section */
		E4CE6AB72131498B00E4E865 /* Reduxion-iOS */ = {
			isa = PBXNativeTarget;
			buildConfigurationList = E4CE6ACC2131498B00E4E865 /* Build configuration list for PBXNativeTarget "Reduxion-iOS" */;
			buildPhases = (
				E4CE6AB32131498B00E4E865 /* Headers */,
				E4CE6AB42131498B00E4E865 /* Sources */,
				E4CE6AB52131498B00E4E865 /* Frameworks */,
				E4CE6AB62131498B00E4E865 /* Resources */,
			);
			buildRules = (
			);
			dependencies = (
			);
			name = "Reduxion-iOS";
			productName = "Reduxion-iOS";
			productReference = E4CE6AB82131498B00E4E865 /* Reduxion_iOS.framework */;
			productType = "com.apple.product-type.framework";
		};
		E4CE6AC02131498B00E4E865 /* Reduxion-iOSTests */ = {
			isa = PBXNativeTarget;
			buildConfigurationList = E4CE6ACF2131498B00E4E865 /* Build configuration list for PBXNativeTarget "Reduxion-iOSTests" */;
			buildPhases = (
				E4CE6ABD2131498B00E4E865 /* Sources */,
				E4CE6ABE2131498B00E4E865 /* Frameworks */,
				E4CE6ABF2131498B00E4E865 /* Resources */,
			);
			buildRules = (
			);
			dependencies = (
				E4CE6AC42131498B00E4E865 /* PBXTargetDependency */,
			);
			name = "Reduxion-iOSTests";
			productName = "Reduxion-iOSTests";
			productReference = E4CE6AC12131498B00E4E865 /* Reduxion-iOSTests.xctest */;
			productType = "com.apple.product-type.bundle.unit-test";
		};
/* End PBXNativeTarget section */

/* Begin PBXProject section */
		E4CE6AAF2131498B00E4E865 /* Project object */ = {
			isa = PBXProject;
			attributes = {
				LastSwiftUpdateCheck = 1000;
				LastUpgradeCheck = 1000;
				ORGANIZATIONNAME = "Ron Diamond";
				TargetAttributes = {
					E4CE6AB72131498B00E4E865 = {
						CreatedOnToolsVersion = 10.0;
						LastSwiftMigration = 1000;
					};
					E4CE6AC02131498B00E4E865 = {
						CreatedOnToolsVersion = 10.0;
						LastSwiftMigration = 1000;
					};
				};
			};
			buildConfigurationList = E4CE6AB22131498B00E4E865 /* Build configuration list for PBXProject "Reduxion-iOS" */;
			compatibilityVersion = "Xcode 9.3";
			developmentRegion = en;
			hasScannedForEncodings = 0;
			knownRegions = (
				en,
			);
			mainGroup = E4CE6AAE2131498B00E4E865;
			productRefGroup = E4CE6AB92131498B00E4E865 /* Products */;
			projectDirPath = "";
			projectRoot = "";
			targets = (
				E4CE6AB72131498B00E4E865 /* Reduxion-iOS */,
				E4CE6AC02131498B00E4E865 /* Reduxion-iOSTests */,
			);
		};
/* End PBXProject section */

/* Begin PBXResourcesBuildPhase section */
		E4CE6AB62131498B00E4E865 /* Resources */ = {
			isa = PBXResourcesBuildPhase;
			buildActionMask = 2147483647;
			files = (
			);
			runOnlyForDeploymentPostprocessing = 0;
		};
		E4CE6ABF2131498B00E4E865 /* Resources */ = {
			isa = PBXResourcesBuildPhase;
			buildActionMask = 2147483647;
			files = (
			);
			runOnlyForDeploymentPostprocessing = 0;
		};
/* End PBXResourcesBuildPhase section */

/* Begin PBXSourcesBuildPhase section */
		E4CE6AB42131498B00E4E865 /* Sources */ = {
			isa = PBXSourcesBuildPhase;
			buildActionMask = 2147483647;
			files = (
				E4CE6AD821314BE400E4E865 /* AppState.swift in Sources */,
				E4CE6AD921314BE400E4E865 /* Actions.swift in Sources */,
				E4CE6ADA21314BE400E4E865 /* ServiceFactory.swift in Sources */,
				E4D4FE822133BEB500438A8F /* FooLogic.swift in Sources */,
				E4CE6ADC21314BE400E4E865 /* ServiceConstants.swift in Sources */,
				E4D4FE8C2133C28F00438A8F /* Macros.swift in Sources */,
				E4D4FE892133BFBF00438A8F /* Constants.swift in Sources */,
				E4D4FE802133BAC100438A8F /* Application Delegate in Sources */,
				E4D4FE862133BF0300438A8F /* FooService.swift in Sources */,
				E4CE6ADB21314BE400E4E865 /* LogicCoordinator.swift in Sources */,
				E4D4FE702133784400438A8F /* ObjCTryCatch.m in Sources */,
			);
			runOnlyForDeploymentPostprocessing = 0;
		};
		E4CE6ABD2131498B00E4E865 /* Sources */ = {
			isa = PBXSourcesBuildPhase;
			buildActionMask = 2147483647;
			files = (
				E4D4FE832133BEB600438A8F /* FooLogic.swift in Sources */,
				E4CE6AC72131498B00E4E865 /* Reduxion_iOSTests.swift in Sources */,
				E4D4FE712133784400438A8F /* ObjCTryCatch.m in Sources */,
				E4D4FE842133BEBB00438A8F /* LogicCoordinator.swift in Sources */,
				E4D4FE8D2133C28F00438A8F /* Macros.swift in Sources */,
				E4D4FE872133BF0300438A8F /* FooService.swift in Sources */,
				E4D4FE8A2133BFBF00438A8F /* Constants.swift in Sources */,
			);
			runOnlyForDeploymentPostprocessing = 0;
		};
/* End PBXSourcesBuildPhase section */

/* Begin PBXTargetDependency section */
		E4CE6AC42131498B00E4E865 /* PBXTargetDependency */ = {
			isa = PBXTargetDependency;
			target = E4CE6AB72131498B00E4E865 /* Reduxion-iOS */;
			targetProxy = E4CE6AC32131498B00E4E865 /* PBXContainerItemProxy */;
		};
/* End PBXTargetDependency section */

/* Begin XCBuildConfiguration section */
		E4CE6ACA2131498B00E4E865 /* Debug */ = {
			isa = XCBuildConfiguration;
			buildSettings = {
				ALWAYS_SEARCH_USER_PATHS = NO;
				CLANG_ANALYZER_NONNULL = YES;
				CLANG_ANALYZER_NUMBER_OBJECT_CONVERSION = YES_AGGRESSIVE;
				CLANG_CXX_LANGUAGE_STANDARD = "gnu++14";
				CLANG_CXX_LIBRARY = "libc++";
				CLANG_ENABLE_MODULES = YES;
				CLANG_ENABLE_OBJC_ARC = YES;
				CLANG_ENABLE_OBJC_WEAK = YES;
				CLANG_WARN_BLOCK_CAPTURE_AUTORELEASING = YES;
				CLANG_WARN_BOOL_CONVERSION = YES;
				CLANG_WARN_COMMA = YES;
				CLANG_WARN_CONSTANT_CONVERSION = YES;
				CLANG_WARN_DEPRECATED_OBJC_IMPLEMENTATIONS = YES;
				CLANG_WARN_DIRECT_OBJC_ISA_USAGE = YES_ERROR;
				CLANG_WARN_DOCUMENTATION_COMMENTS = YES;
				CLANG_WARN_EMPTY_BODY = YES;
				CLANG_WARN_ENUM_CONVERSION = YES;
				CLANG_WARN_INFINITE_RECURSION = YES;
				CLANG_WARN_INT_CONVERSION = YES;
				CLANG_WARN_NON_LITERAL_NULL_CONVERSION = YES;
				CLANG_WARN_OBJC_IMPLICIT_RETAIN_SELF = YES;
				CLANG_WARN_OBJC_LITERAL_CONVERSION = YES;
				CLANG_WARN_OBJC_ROOT_CLASS = YES_ERROR;
				CLANG_WARN_RANGE_LOOP_ANALYSIS = YES;
				CLANG_WARN_STRICT_PROTOTYPES = YES;
				CLANG_WARN_SUSPICIOUS_MOVE = YES;
				CLANG_WARN_UNGUARDED_AVAILABILITY = YES_AGGRESSIVE;
				CLANG_WARN_UNREACHABLE_CODE = YES;
				CLANG_WARN__DUPLICATE_METHOD_MATCH = YES;
				CODE_SIGN_IDENTITY = "iPhone Developer";
				COPY_PHASE_STRIP = NO;
				CURRENT_PROJECT_VERSION = 1;
				DEBUG_INFORMATION_FORMAT = dwarf;
				ENABLE_STRICT_OBJC_MSGSEND = YES;
				ENABLE_TESTABILITY = YES;
				GCC_C_LANGUAGE_STANDARD = gnu11;
				GCC_DYNAMIC_NO_PIC = NO;
				GCC_NO_COMMON_BLOCKS = YES;
				GCC_OPTIMIZATION_LEVEL = 0;
				GCC_PREPROCESSOR_DEFINITIONS = (
					"DEBUG=1",
					"$(inherited)",
				);
				GCC_WARN_64_TO_32_BIT_CONVERSION = YES;
				GCC_WARN_ABOUT_RETURN_TYPE = YES_ERROR;
				GCC_WARN_UNDECLARED_SELECTOR = YES;
				GCC_WARN_UNINITIALIZED_AUTOS = YES_AGGRESSIVE;
				GCC_WARN_UNUSED_FUNCTION = YES;
				GCC_WARN_UNUSED_VARIABLE = YES;
				IPHONEOS_DEPLOYMENT_TARGET = 9.0;
				MTL_ENABLE_DEBUG_INFO = INCLUDE_SOURCE;
				MTL_FAST_MATH = YES;
				ONLY_ACTIVE_ARCH = YES;
				SDKROOT = iphoneos;
				SWIFT_ACTIVE_COMPILATION_CONDITIONS = DEBUG;
				SWIFT_OPTIMIZATION_LEVEL = "-Onone";
				VERSIONING_SYSTEM = "apple-generic";
				VERSION_INFO_PREFIX = "";
			};
			name = Debug;
		};
		E4CE6ACB2131498B00E4E865 /* Release */ = {
			isa = XCBuildConfiguration;
			buildSettings = {
				ALWAYS_SEARCH_USER_PATHS = NO;
				CLANG_ANALYZER_NONNULL = YES;
				CLANG_ANALYZER_NUMBER_OBJECT_CONVERSION = YES_AGGRESSIVE;
				CLANG_CXX_LANGUAGE_STANDARD = "gnu++14";
				CLANG_CXX_LIBRARY = "libc++";
				CLANG_ENABLE_MODULES = YES;
				CLANG_ENABLE_OBJC_ARC = YES;
				CLANG_ENABLE_OBJC_WEAK = YES;
				CLANG_WARN_BLOCK_CAPTURE_AUTORELEASING = YES;
				CLANG_WARN_BOOL_CONVERSION = YES;
				CLANG_WARN_COMMA = YES;
				CLANG_WARN_CONSTANT_CONVERSION = YES;
				CLANG_WARN_DEPRECATED_OBJC_IMPLEMENTATIONS = YES;
				CLANG_WARN_DIRECT_OBJC_ISA_USAGE = YES_ERROR;
				CLANG_WARN_DOCUMENTATION_COMMENTS = YES;
				CLANG_WARN_EMPTY_BODY = YES;
				CLANG_WARN_ENUM_CONVERSION = YES;
				CLANG_WARN_INFINITE_RECURSION = YES;
				CLANG_WARN_INT_CONVERSION = YES;
				CLANG_WARN_NON_LITERAL_NULL_CONVERSION = YES;
				CLANG_WARN_OBJC_IMPLICIT_RETAIN_SELF = YES;
				CLANG_WARN_OBJC_LITERAL_CONVERSION = YES;
				CLANG_WARN_OBJC_ROOT_CLASS = YES_ERROR;
				CLANG_WARN_RANGE_LOOP_ANALYSIS = YES;
				CLANG_WARN_STRICT_PROTOTYPES = YES;
				CLANG_WARN_SUSPICIOUS_MOVE = YES;
				CLANG_WARN_UNGUARDED_AVAILABILITY = YES_AGGRESSIVE;
				CLANG_WARN_UNREACHABLE_CODE = YES;
				CLANG_WARN__DUPLICATE_METHOD_MATCH = YES;
				CODE_SIGN_IDENTITY = "iPhone Developer";
				COPY_PHASE_STRIP = NO;
				CURRENT_PROJECT_VERSION = 1;
				DEBUG_INFORMATION_FORMAT = "dwarf-with-dsym";
				ENABLE_NS_ASSERTIONS = NO;
				ENABLE_STRICT_OBJC_MSGSEND = YES;
				GCC_C_LANGUAGE_STANDARD = gnu11;
				GCC_NO_COMMON_BLOCKS = YES;
				GCC_WARN_64_TO_32_BIT_CONVERSION = YES;
				GCC_WARN_ABOUT_RETURN_TYPE = YES_ERROR;
				GCC_WARN_UNDECLARED_SELECTOR = YES;
				GCC_WARN_UNINITIALIZED_AUTOS = YES_AGGRESSIVE;
				GCC_WARN_UNUSED_FUNCTION = YES;
				GCC_WARN_UNUSED_VARIABLE = YES;
				IPHONEOS_DEPLOYMENT_TARGET = 9.0;
				MTL_ENABLE_DEBUG_INFO = NO;
				MTL_FAST_MATH = YES;
				SDKROOT = iphoneos;
				SWIFT_COMPILATION_MODE = wholemodule;
				SWIFT_OPTIMIZATION_LEVEL = "-O";
				VALIDATE_PRODUCT = YES;
				VERSIONING_SYSTEM = "apple-generic";
				VERSION_INFO_PREFIX = "";
			};
			name = Release;
		};
		E4CE6ACD2131498B00E4E865 /* Debug */ = {
			isa = XCBuildConfiguration;
			buildSettings = {
				CLANG_ENABLE_MODULES = YES;
				CODE_SIGN_IDENTITY = "";
				CODE_SIGN_STYLE = Automatic;
				DEFINES_MODULE = YES;
				DYLIB_COMPATIBILITY_VERSION = 1;
				DYLIB_CURRENT_VERSION = 1;
				DYLIB_INSTALL_NAME_BASE = "@rpath";
				INFOPLIST_FILE = "Reduxion-iOS/Info.plist";
				INSTALL_PATH = "$(LOCAL_LIBRARY_DIR)/Frameworks";
				LD_RUNPATH_SEARCH_PATHS = (
					"$(inherited)",
					"@executable_path/Frameworks",
					"@loader_path/Frameworks",
				);
				PRODUCT_BUNDLE_IDENTIFIER = "test4321.Reduxion-iOS";
				PRODUCT_NAME = "$(TARGET_NAME:c99extidentifier)";
				SKIP_INSTALL = YES;
				SWIFT_OPTIMIZATION_LEVEL = "-Onone";
				SWIFT_VERSION = 4.2;
				TARGETED_DEVICE_FAMILY = "1,2";
			};
			name = Debug;
		};
		E4CE6ACE2131498B00E4E865 /* Release */ = {
			isa = XCBuildConfiguration;
			buildSettings = {
				CLANG_ENABLE_MODULES = YES;
				CODE_SIGN_IDENTITY = "";
				CODE_SIGN_STYLE = Automatic;
				DEFINES_MODULE = YES;
				DYLIB_COMPATIBILITY_VERSION = 1;
				DYLIB_CURRENT_VERSION = 1;
				DYLIB_INSTALL_NAME_BASE = "@rpath";
				INFOPLIST_FILE = "Reduxion-iOS/Info.plist";
				INSTALL_PATH = "$(LOCAL_LIBRARY_DIR)/Frameworks";
				LD_RUNPATH_SEARCH_PATHS = (
					"$(inherited)",
					"@executable_path/Frameworks",
					"@loader_path/Frameworks",
				);
				PRODUCT_BUNDLE_IDENTIFIER = "test4321.Reduxion-iOS";
				PRODUCT_NAME = "$(TARGET_NAME:c99extidentifier)";
				SKIP_INSTALL = YES;
				SWIFT_VERSION = 4.2;
				TARGETED_DEVICE_FAMILY = "1,2";
			};
			name = Release;
		};
		E4CE6AD02131498B00E4E865 /* Debug */ = {
			isa = XCBuildConfiguration;
			buildSettings = {
				ALWAYS_EMBED_SWIFT_STANDARD_LIBRARIES = YES;
				CLANG_ENABLE_MODULES = YES;
				CODE_SIGN_STYLE = Automatic;
				INFOPLIST_FILE = "Reduxion-iOSTests/Info.plist";
				LD_RUNPATH_SEARCH_PATHS = (
					"$(inherited)",
					"@executable_path/Frameworks",
					"@loader_path/Frameworks",
				);
				PRODUCT_BUNDLE_IDENTIFIER = "test4321.Reduxion-iOSTests";
				PRODUCT_NAME = "$(TARGET_NAME)";
				SWIFT_OBJC_BRIDGING_HEADER = "third-party code/Reduxion-iOSTests-Bridging-Header.h";
				SWIFT_OPTIMIZATION_LEVEL = "-Onone";
				SWIFT_VERSION = 4.2;
				TARGETED_DEVICE_FAMILY = "1,2";
			};
			name = Debug;
		};
		E4CE6AD12131498B00E4E865 /* Release */ = {
			isa = XCBuildConfiguration;
			buildSettings = {
				ALWAYS_EMBED_SWIFT_STANDARD_LIBRARIES = YES;
				CLANG_ENABLE_MODULES = YES;
				CODE_SIGN_STYLE = Automatic;
				INFOPLIST_FILE = "Reduxion-iOSTests/Info.plist";
				LD_RUNPATH_SEARCH_PATHS = (
					"$(inherited)",
					"@executable_path/Frameworks",
					"@loader_path/Frameworks",
				);
				PRODUCT_BUNDLE_IDENTIFIER = "test4321.Reduxion-iOSTests";
				PRODUCT_NAME = "$(TARGET_NAME)";
				SWIFT_OBJC_BRIDGING_HEADER = "third-party code/Reduxion-iOSTests-Bridging-Header.h";
				SWIFT_VERSION = 4.2;
				TARGETED_DEVICE_FAMILY = "1,2";
			};
			name = Release;
		};
/* End XCBuildConfiguration section */

/* Begin XCConfigurationList section */
		E4CE6AB22131498B00E4E865 /* Build configuration list for PBXProject "Reduxion-iOS" */ = {
			isa = XCConfigurationList;
			buildConfigurations = (
				E4CE6ACA2131498B00E4E865 /* Debug */,
				E4CE6ACB2131498B00E4E865 /* Release */,
			);
			defaultConfigurationIsVisible = 0;
			defaultConfigurationName = Release;
		};
		E4CE6ACC2131498B00E4E865 /* Build configuration list for PBXNativeTarget "Reduxion-iOS" */ = {
			isa = XCConfigurationList;
			buildConfigurations = (
				E4CE6ACD2131498B00E4E865 /* Debug */,
				E4CE6ACE2131498B00E4E865 /* Release */,
			);
			defaultConfigurationIsVisible = 0;
			defaultConfigurationName = Release;
		};
		E4CE6ACF2131498B00E4E865 /* Build configuration list for PBXNativeTarget "Reduxion-iOSTests" */ = {
			isa = XCConfigurationList;
			buildConfigurations = (
				E4CE6AD02131498B00E4E865 /* Debug */,
				E4CE6AD12131498B00E4E865 /* Release */,
			);
			defaultConfigurationIsVisible = 0;
			defaultConfigurationName = Release;
		};
/* End XCConfigurationList section */
	};
	rootObject = E4CE6AAF2131498B00E4E865 /* Project object */;
}
