// !$*UTF8*$!
{
	archiveVersion = 1;
	classes = {
	};
	objectVersion = 50;
	objects = {

/* Begin PBXBuildFile section */
		E44260AF2137BC6900A218C6 /* DataModel.swift in Sources */ = {isa = PBXBuildFile; fileRef = E44260AD2137BC6800A218C6 /* DataModel.swift */; };
		E442F6082150951A000B37FE /* AppState.swift in Sources */ = {isa = PBXBuildFile; fileRef = E4CE6AD321314BE400E4E865 /* AppState.swift */; };
		E45A850C215225BC00581DCE /* Actions.swift in Sources */ = {isa = PBXBuildFile; fileRef = E4CE6AD421314BE400E4E865 /* Actions.swift */; };
		E45A853F2152372700581DCE /* AppDelegate.swift in Sources */ = {isa = PBXBuildFile; fileRef = E45A853E2152372700581DCE /* AppDelegate.swift */; };
		E45A85412152372700581DCE /* StockQuoteViewController.swift in Sources */ = {isa = PBXBuildFile; fileRef = E45A85402152372700581DCE /* StockQuoteViewController.swift */; };
		E45A85442152372700581DCE /* Main.storyboard in Resources */ = {isa = PBXBuildFile; fileRef = E45A85422152372700581DCE /* Main.storyboard */; };
		E45A85462152372800581DCE /* Assets.xcassets in Resources */ = {isa = PBXBuildFile; fileRef = E45A85452152372800581DCE /* Assets.xcassets */; };
		E45A85492152372800581DCE /* LaunchScreen.storyboard in Resources */ = {isa = PBXBuildFile; fileRef = E45A85472152372800581DCE /* LaunchScreen.storyboard */; };
		E45A855021523B0000581DCE /* Actions.swift in Sources */ = {isa = PBXBuildFile; fileRef = E4CE6AD421314BE400E4E865 /* Actions.swift */; };
		E45A855121523B0000581DCE /* AppState.swift in Sources */ = {isa = PBXBuildFile; fileRef = E4CE6AD321314BE400E4E865 /* AppState.swift */; };
		E45A855221523B0000581DCE /* LogicCoordinator.swift in Sources */ = {isa = PBXBuildFile; fileRef = E4CE6AD621314BE400E4E865 /* LogicCoordinator.swift */; };
		E45A855521523B0500581DCE /* DataModel.swift in Sources */ = {isa = PBXBuildFile; fileRef = E44260AD2137BC6800A218C6 /* DataModel.swift */; };
		E45A855621523B0A00581DCE /* GeneralConstants.swift in Sources */ = {isa = PBXBuildFile; fileRef = E4D4FE882133BFBF00438A8F /* GeneralConstants.swift */; };
		E45A855721523B0A00581DCE /* ServiceActivityIndicator.swift in Sources */ = {isa = PBXBuildFile; fileRef = E4D4FE8B2133C28F00438A8F /* ServiceActivityIndicator.swift */; };
		E45A855921523B1100581DCE /* StockQuoteLogic.swift in Sources */ = {isa = PBXBuildFile; fileRef = E4D4FE7E2133B78E00438A8F /* StockQuoteLogic.swift */; };
		E45A855A21523B1100581DCE /* StockQuoteService.swift in Sources */ = {isa = PBXBuildFile; fileRef = E4D4FE852133BF0300438A8F /* StockQuoteService.swift */; };
		E45A855D21523D1100581DCE /* Alamofire.framework in Frameworks */ = {isa = PBXBuildFile; fileRef = E4A581942150BD4C00B31C62 /* Alamofire.framework */; };
		E45A855E21523D1100581DCE /* Alamofire.framework in Embed Frameworks */ = {isa = PBXBuildFile; fileRef = E4A581942150BD4C00B31C62 /* Alamofire.framework */; settings = {ATTRIBUTES = (CodeSignOnCopy, RemoveHeadersOnCopy, ); }; };
		E45A855F21523D1100581DCE /* SwiftyJSON.framework in Frameworks */ = {isa = PBXBuildFile; fileRef = E4A581972150BD5600B31C62 /* SwiftyJSON.framework */; };
		E45A856021523D1100581DCE /* SwiftyJSON.framework in Embed Frameworks */ = {isa = PBXBuildFile; fileRef = E4A581972150BD5600B31C62 /* SwiftyJSON.framework */; settings = {ATTRIBUTES = (CodeSignOnCopy, RemoveHeadersOnCopy, ); }; };
		E4645F08222773DD00FCC46E /* AppUseCases.swift in Sources */ = {isa = PBXBuildFile; fileRef = E4645F07222773DD00FCC46E /* AppUseCases.swift */; };
		E4645F09222773DD00FCC46E /* AppUseCases.swift in Sources */ = {isa = PBXBuildFile; fileRef = E4645F07222773DD00FCC46E /* AppUseCases.swift */; };
		E478EA1D216350AA008F05DB /* Nimble.framework in Frameworks */ = {isa = PBXBuildFile; fileRef = E478EA1821635091008F05DB /* Nimble.framework */; };
		E478EA1E216350AA008F05DB /* Quick.framework in Frameworks */ = {isa = PBXBuildFile; fileRef = E478EA1721635091008F05DB /* Quick.framework */; };
		E48FE18C222BB5E1002646E7 /* Info.plist in Resources */ = {isa = PBXBuildFile; fileRef = E4CE6AC82131498B00E4E865 /* Info.plist */; };
		E49569F7221E464E0070FB31 /* ServiceConstants.swift in Sources */ = {isa = PBXBuildFile; fileRef = E49569F6221E464E0070FB31 /* ServiceConstants.swift */; };
		E49569F8221E464E0070FB31 /* ServiceConstants.swift in Sources */ = {isa = PBXBuildFile; fileRef = E49569F6221E464E0070FB31 /* ServiceConstants.swift */; };
		E49569FC221E4B040070FB31 /* StockQuoteMockData.json in Resources */ = {isa = PBXBuildFile; fileRef = E49569FB221E4B040070FB31 /* StockQuoteMockData.json */; };
		E49569FD221E4B040070FB31 /* StockQuoteMockData.json in Resources */ = {isa = PBXBuildFile; fileRef = E49569FB221E4B040070FB31 /* StockQuoteMockData.json */; };
		E49569FF221E4C0F0070FB31 /* License.txt in Resources */ = {isa = PBXBuildFile; fileRef = E49569FE221E4C0F0070FB31 /* License.txt */; };
		E4956A00221E4C0F0070FB31 /* License.txt in Resources */ = {isa = PBXBuildFile; fileRef = E49569FE221E4C0F0070FB31 /* License.txt */; };
		E4956A03221E50BA0070FB31 /* StockQuoteTests.swift in Sources */ = {isa = PBXBuildFile; fileRef = E4956A02221E50BA0070FB31 /* StockQuoteTests.swift */; };
		E4A581962150BD4C00B31C62 /* Alamofire.framework in Frameworks */ = {isa = PBXBuildFile; fileRef = E4A581942150BD4C00B31C62 /* Alamofire.framework */; };
		E4A581992150BD5600B31C62 /* SwiftyJSON.framework in Frameworks */ = {isa = PBXBuildFile; fileRef = E4A581972150BD5600B31C62 /* SwiftyJSON.framework */; };
		E4BBF61F22262D6B00A1C5FA /* UseCaseFactory.swift in Sources */ = {isa = PBXBuildFile; fileRef = E4BBF61E22262D6B00A1C5FA /* UseCaseFactory.swift */; };
		E4BBF62022262D6B00A1C5FA /* UseCaseFactory.swift in Sources */ = {isa = PBXBuildFile; fileRef = E4BBF61E22262D6B00A1C5FA /* UseCaseFactory.swift */; };
		E4BBF6212226466E00A1C5FA /* AppDelegate.swift in Sources */ = {isa = PBXBuildFile; fileRef = E45A853E2152372700581DCE /* AppDelegate.swift */; };
		E4D4FE832133BEB600438A8F /* StockQuoteLogic.swift in Sources */ = {isa = PBXBuildFile; fileRef = E4D4FE7E2133B78E00438A8F /* StockQuoteLogic.swift */; };
		E4D4FE842133BEBB00438A8F /* LogicCoordinator.swift in Sources */ = {isa = PBXBuildFile; fileRef = E4CE6AD621314BE400E4E865 /* LogicCoordinator.swift */; };
		E4D4FE872133BF0300438A8F /* StockQuoteService.swift in Sources */ = {isa = PBXBuildFile; fileRef = E4D4FE852133BF0300438A8F /* StockQuoteService.swift */; };
		E4D4FE8A2133BFBF00438A8F /* GeneralConstants.swift in Sources */ = {isa = PBXBuildFile; fileRef = E4D4FE882133BFBF00438A8F /* GeneralConstants.swift */; };
		E4D4FE8D2133C28F00438A8F /* ServiceActivityIndicator.swift in Sources */ = {isa = PBXBuildFile; fileRef = E4D4FE8B2133C28F00438A8F /* ServiceActivityIndicator.swift */; };
/* End PBXBuildFile section */

/* Begin PBXContainerItemProxy section */
		E478EA2421636EAE008F05DB /* PBXContainerItemProxy */ = {
			isa = PBXContainerItemProxy;
			containerPortal = E4CE6AAF2131498B00E4E865 /* Project object */;
			proxyType = 1;
			remoteGlobalIDString = E45A853B2152372700581DCE;
			remoteInfo = "Reduxion-iOS";
		};
/* End PBXContainerItemProxy section */

/* Begin PBXCopyFilesBuildPhase section */
		E45A856121523D1100581DCE /* Embed Frameworks */ = {
			isa = PBXCopyFilesBuildPhase;
			buildActionMask = 2147483647;
			dstPath = "";
			dstSubfolderSpec = 10;
			files = (
				E45A856021523D1100581DCE /* SwiftyJSON.framework in Embed Frameworks */,
				E45A855E21523D1100581DCE /* Alamofire.framework in Embed Frameworks */,
			);
			name = "Embed Frameworks";
			runOnlyForDeploymentPostprocessing = 0;
		};
/* End PBXCopyFilesBuildPhase section */

/* Begin PBXFileReference section */
		E41DF642216201A7004D248F /* .swiftlint.yml */ = {isa = PBXFileReference; lastKnownFileType = text; path = .swiftlint.yml; sourceTree = SOURCE_ROOT; };
		E44260AD2137BC6800A218C6 /* DataModel.swift */ = {isa = PBXFileReference; fileEncoding = 4; lastKnownFileType = sourcecode.swift; path = DataModel.swift; sourceTree = "<group>"; };
		E442F60B21509637000B37FE /* Cartfile */ = {isa = PBXFileReference; lastKnownFileType = text; path = Cartfile; sourceTree = SOURCE_ROOT; };
		E45A853C2152372700581DCE /* Reduxion-iOS.app */ = {isa = PBXFileReference; explicitFileType = wrapper.application; includeInIndex = 0; path = "Reduxion-iOS.app"; sourceTree = BUILT_PRODUCTS_DIR; };
		E45A853E2152372700581DCE /* AppDelegate.swift */ = {isa = PBXFileReference; lastKnownFileType = sourcecode.swift; path = AppDelegate.swift; sourceTree = "<group>"; };
		E45A85402152372700581DCE /* StockQuoteViewController.swift */ = {isa = PBXFileReference; lastKnownFileType = sourcecode.swift; path = StockQuoteViewController.swift; sourceTree = "<group>"; };
		E45A85432152372700581DCE /* Base */ = {isa = PBXFileReference; lastKnownFileType = file.storyboard; name = Base; path = Base.lproj/Main.storyboard; sourceTree = "<group>"; };
		E45A85452152372800581DCE /* Assets.xcassets */ = {isa = PBXFileReference; lastKnownFileType = folder.assetcatalog; path = Assets.xcassets; sourceTree = "<group>"; };
		E45A85482152372800581DCE /* Base */ = {isa = PBXFileReference; lastKnownFileType = file.storyboard; name = Base; path = Base.lproj/LaunchScreen.storyboard; sourceTree = "<group>"; };
		E45A854A2152372800581DCE /* Info.plist */ = {isa = PBXFileReference; lastKnownFileType = text.plist.xml; path = Info.plist; sourceTree = "<group>"; };
		E4645F07222773DD00FCC46E /* AppUseCases.swift */ = {isa = PBXFileReference; lastKnownFileType = sourcecode.swift; name = AppUseCases.swift; path = "Sample app/use cases/AppUseCases.swift"; sourceTree = SOURCE_ROOT; };
		E478EA1721635091008F05DB /* Quick.framework */ = {isa = PBXFileReference; lastKnownFileType = wrapper.framework; name = Quick.framework; path = Carthage/Build/iOS/Quick.framework; sourceTree = SOURCE_ROOT; };
		E478EA1821635091008F05DB /* Nimble.framework */ = {isa = PBXFileReference; lastKnownFileType = wrapper.framework; name = Nimble.framework; path = Carthage/Build/iOS/Nimble.framework; sourceTree = SOURCE_ROOT; };
		E49569F6221E464E0070FB31 /* ServiceConstants.swift */ = {isa = PBXFileReference; lastKnownFileType = sourcecode.swift; path = ServiceConstants.swift; sourceTree = "<group>"; };
		E49569FB221E4B040070FB31 /* StockQuoteMockData.json */ = {isa = PBXFileReference; lastKnownFileType = text.json; path = StockQuoteMockData.json; sourceTree = "<group>"; };
		E49569FE221E4C0F0070FB31 /* License.txt */ = {isa = PBXFileReference; lastKnownFileType = text; path = License.txt; sourceTree = "<group>"; };
		E4956A01221E4DCD0070FB31 /* reduxion-ios-architecture-block-diagram.png */ = {isa = PBXFileReference; lastKnownFileType = image.png; path = "reduxion-ios-architecture-block-diagram.png"; sourceTree = "<group>"; };
		E4956A02221E50BA0070FB31 /* StockQuoteTests.swift */ = {isa = PBXFileReference; lastKnownFileType = sourcecode.swift; path = StockQuoteTests.swift; sourceTree = "<group>"; };
		E4A581942150BD4C00B31C62 /* Alamofire.framework */ = {isa = PBXFileReference; lastKnownFileType = wrapper.framework; name = Alamofire.framework; path = Carthage/Build/iOS/Alamofire.framework; sourceTree = SOURCE_ROOT; };
		E4A581972150BD5600B31C62 /* SwiftyJSON.framework */ = {isa = PBXFileReference; lastKnownFileType = wrapper.framework; name = SwiftyJSON.framework; path = Carthage/Build/iOS/SwiftyJSON.framework; sourceTree = SOURCE_ROOT; };
		E4BBF61E22262D6B00A1C5FA /* UseCaseFactory.swift */ = {isa = PBXFileReference; lastKnownFileType = sourcecode.swift; path = UseCaseFactory.swift; sourceTree = "<group>"; };
		E4CE6AC12131498B00E4E865 /* Reduxion-iOSTests.xctest */ = {isa = PBXFileReference; explicitFileType = wrapper.cfbundle; includeInIndex = 0; path = "Reduxion-iOSTests.xctest"; sourceTree = BUILT_PRODUCTS_DIR; };
		E4CE6AC82131498B00E4E865 /* Info.plist */ = {isa = PBXFileReference; lastKnownFileType = text.plist.xml; path = Info.plist; sourceTree = "<group>"; };
		E4CE6AD321314BE400E4E865 /* AppState.swift */ = {isa = PBXFileReference; fileEncoding = 4; lastKnownFileType = sourcecode.swift; path = AppState.swift; sourceTree = "<group>"; };
		E4CE6AD421314BE400E4E865 /* Actions.swift */ = {isa = PBXFileReference; fileEncoding = 4; lastKnownFileType = sourcecode.swift; path = Actions.swift; sourceTree = "<group>"; };
		E4CE6AD621314BE400E4E865 /* LogicCoordinator.swift */ = {isa = PBXFileReference; fileEncoding = 4; lastKnownFileType = sourcecode.swift; path = LogicCoordinator.swift; sourceTree = "<group>"; };
		E4D4FE6C2133784300438A8F /* Reduxion-iOSTests-Bridging-Header.h */ = {isa = PBXFileReference; lastKnownFileType = sourcecode.c.h; path = "Reduxion-iOSTests-Bridging-Header.h"; sourceTree = "<group>"; };
		E4D4FE742133AE2000438A8F /* README.md */ = {isa = PBXFileReference; lastKnownFileType = net.daringfireball.markdown; name = README.md; path = ../../README.md; sourceTree = "<group>"; };
		E4D4FE7E2133B78E00438A8F /* StockQuoteLogic.swift */ = {isa = PBXFileReference; lastKnownFileType = sourcecode.swift; name = StockQuoteLogic.swift; path = "Sample app/Use cases/Stock quotes/StockQuoteLogic.swift"; sourceTree = SOURCE_ROOT; };
		E4D4FE852133BF0300438A8F /* StockQuoteService.swift */ = {isa = PBXFileReference; lastKnownFileType = sourcecode.swift; name = StockQuoteService.swift; path = "Sample app/Use cases/Stock quotes/StockQuoteService.swift"; sourceTree = SOURCE_ROOT; };
		E4D4FE882133BFBF00438A8F /* GeneralConstants.swift */ = {isa = PBXFileReference; lastKnownFileType = sourcecode.swift; name = GeneralConstants.swift; path = "Reduxion iOS/Unidirectional data flow/GeneralConstants.swift"; sourceTree = SOURCE_ROOT; };
		E4D4FE8B2133C28F00438A8F /* ServiceActivityIndicator.swift */ = {isa = PBXFileReference; lastKnownFileType = sourcecode.swift; name = ServiceActivityIndicator.swift; path = "Reduxion iOS/Service-related/ServiceActivityIndicator.swift"; sourceTree = SOURCE_ROOT; };
/* End PBXFileReference section */

/* Begin PBXFrameworksBuildPhase section */
		E45A85392152372700581DCE /* Frameworks */ = {
			isa = PBXFrameworksBuildPhase;
			buildActionMask = 2147483647;
			files = (
				E45A855F21523D1100581DCE /* SwiftyJSON.framework in Frameworks */,
				E45A855D21523D1100581DCE /* Alamofire.framework in Frameworks */,
			);
			runOnlyForDeploymentPostprocessing = 0;
		};
		E4CE6ABE2131498B00E4E865 /* Frameworks */ = {
			isa = PBXFrameworksBuildPhase;
			buildActionMask = 2147483647;
			files = (
				E4A581962150BD4C00B31C62 /* Alamofire.framework in Frameworks */,
				E4A581992150BD5600B31C62 /* SwiftyJSON.framework in Frameworks */,
				E478EA1E216350AA008F05DB /* Quick.framework in Frameworks */,
				E478EA1D216350AA008F05DB /* Nimble.framework in Frameworks */,
			);
			runOnlyForDeploymentPostprocessing = 0;
		};
/* End PBXFrameworksBuildPhase section */

/* Begin PBXGroup section */
		E41DF6412162018F004D248F /* SwiftLint */ = {
			isa = PBXGroup;
			children = (
				E41DF642216201A7004D248F /* .swiftlint.yml */,
			);
			path = SwiftLint;
			sourceTree = "<group>";
		};
		E442F60921509550000B37FE /* Sample app */ = {
			isa = PBXGroup;
			children = (
				E4CE6AD421314BE400E4E865 /* Actions.swift */,
				E45A853E2152372700581DCE /* AppDelegate.swift */,
				E45A854A2152372800581DCE /* Info.plist */,
				E4BBF6222226467500A1C5FA /* Data */,
				E4D4FE7C2133B6F200438A8F /* Use cases */,
				E4BBF6232226468900A1C5FA /* View */,
			);
			path = "Sample app";
			sourceTree = "<group>";
		};
		E442F60A21509622000B37FE /* Carthage */ = {
			isa = PBXGroup;
			children = (
				E442F60B21509637000B37FE /* Cartfile */,
			);
			path = Carthage;
			sourceTree = "<group>";
		};
		E478EA1F2163605F008F05DB /* Frameworks */ = {
			isa = PBXGroup;
			children = (
			);
			name = Frameworks;
			path = ..;
			sourceTree = "<group>";
		};
		E49569F9221E47F80070FB31 /* Service-related */ = {
			isa = PBXGroup;
			children = (
				E4D4FE8B2133C28F00438A8F /* ServiceActivityIndicator.swift */,
				E49569F6221E464E0070FB31 /* ServiceConstants.swift */,
			);
			name = "Service-related";
			path = "Reduxion iOS/Service-related";
			sourceTree = "<group>";
		};
		E49569FA221E4AD10070FB31 /* Stock quotes */ = {
			isa = PBXGroup;
			children = (
				E45A85402152372700581DCE /* StockQuoteViewController.swift */,
				E4D4FE7E2133B78E00438A8F /* StockQuoteLogic.swift */,
				E49569FB221E4B040070FB31 /* StockQuoteMockData.json */,
				E4D4FE852133BF0300438A8F /* StockQuoteService.swift */,
				E4956A02221E50BA0070FB31 /* StockQuoteTests.swift */,
			);
			name = "Stock quotes";
			path = "../Use cases/Stock quotes";
			sourceTree = "<group>";
		};
		E4A581932150BD1700B31C62 /* Frameworks */ = {
			isa = PBXGroup;
			children = (
				E4A581942150BD4C00B31C62 /* Alamofire.framework */,
				E478EA1821635091008F05DB /* Nimble.framework */,
				E478EA1721635091008F05DB /* Quick.framework */,
				E4A581972150BD5600B31C62 /* SwiftyJSON.framework */,
			);
			path = Frameworks;
			sourceTree = "<group>";
		};
		E4BBF6222226467500A1C5FA /* Data */ = {
			isa = PBXGroup;
			children = (
				E44260AD2137BC6800A218C6 /* DataModel.swift */,
			);
			path = Data;
			sourceTree = "<group>";
		};
		E4BBF6232226468900A1C5FA /* View */ = {
			isa = PBXGroup;
			children = (
				E45A85452152372800581DCE /* Assets.xcassets */,
				E45A85472152372800581DCE /* LaunchScreen.storyboard */,
				E45A85422152372700581DCE /* Main.storyboard */,
			);
			path = View;
			sourceTree = "<group>";
		};
		E4BBF625222649BF00A1C5FA /* Reduxion iOS */ = {
			isa = PBXGroup;
			children = (
				E4D4FE732133AE0E00438A8F /* Documentation */,
				E49569F9221E47F80070FB31 /* Service-related */,
				E4CE6ADD21314BE800E4E865 /* Unidirectional data flow */,
				E4D4FE6B2133781600438A8F /* third-party dependencies */,
				E4CE6AC52131498B00E4E865 /* Reduxion-iOSTests */,
				E478EA1F2163605F008F05DB /* Frameworks */,
				E4CE6AB92131498B00E4E865 /* Products */,
			);
			name = "Reduxion iOS";
			sourceTree = "<group>";
		};
		E4CE6AAE2131498B00E4E865 = {
			isa = PBXGroup;
			children = (
				E4BBF625222649BF00A1C5FA /* Reduxion iOS */,
				E442F60921509550000B37FE /* Sample app */,
			);
			sourceTree = "<group>";
		};
		E4CE6AB92131498B00E4E865 /* Products */ = {
			isa = PBXGroup;
			children = (
				E4CE6AC12131498B00E4E865 /* Reduxion-iOSTests.xctest */,
				E45A853C2152372700581DCE /* Reduxion-iOS.app */,
			);
			name = Products;
			path = ..;
			sourceTree = "<group>";
		};
		E4CE6AC52131498B00E4E865 /* Reduxion-iOSTests */ = {
			isa = PBXGroup;
			children = (
				E4CE6AC82131498B00E4E865 /* Info.plist */,
			);
			name = "Reduxion-iOSTests";
			path = "Reduxion iOS/Reduxion-iOSTests";
			sourceTree = "<group>";
		};
		E4CE6ADD21314BE800E4E865 /* Unidirectional data flow */ = {
			isa = PBXGroup;
			children = (
				E4CE6AD321314BE400E4E865 /* AppState.swift */,
				E4D4FE882133BFBF00438A8F /* GeneralConstants.swift */,
				E4CE6AD621314BE400E4E865 /* LogicCoordinator.swift */,
				E4BBF61E22262D6B00A1C5FA /* UseCaseFactory.swift */,
			);
			name = "Unidirectional data flow";
			path = "Reduxion iOS/Unidirectional data flow";
			sourceTree = "<group>";
		};
		E4D4FE6B2133781600438A8F /* third-party dependencies */ = {
			isa = PBXGroup;
			children = (
				E4D4FE6C2133784300438A8F /* Reduxion-iOSTests-Bridging-Header.h */,
				E442F60A21509622000B37FE /* Carthage */,
				E4A581932150BD1700B31C62 /* Frameworks */,
				E41DF6412162018F004D248F /* SwiftLint */,
			);
			name = "third-party dependencies";
			path = "Reduxion iOS/third-party dependencies";
			sourceTree = "<group>";
		};
		E4D4FE732133AE0E00438A8F /* Documentation */ = {
			isa = PBXGroup;
			children = (
				E49569FE221E4C0F0070FB31 /* License.txt */,
				E4D4FE742133AE2000438A8F /* README.md */,
				E4956A01221E4DCD0070FB31 /* reduxion-ios-architecture-block-diagram.png */,
			);
			name = Documentation;
			path = "Reduxion iOS/Documentation";
			sourceTree = "<group>";
		};
		E4D4FE7C2133B6F200438A8F /* Use cases */ = {
			isa = PBXGroup;
			children = (
				E4645F07222773DD00FCC46E /* AppUseCases.swift */,
				E49569FA221E4AD10070FB31 /* Stock quotes */,
			);
			name = "Use cases";
			path = "use cases";
			sourceTree = "<group>";
		};
/* End PBXGroup section */

/* Begin PBXNativeTarget section */
		E45A853B2152372700581DCE /* Reduxion-iOS */ = {
			isa = PBXNativeTarget;
			buildConfigurationList = E45A854B2152372800581DCE /* Build configuration list for PBXNativeTarget "Reduxion-iOS" */;
			buildPhases = (
				E45A85382152372700581DCE /* Sources */,
				E45A85392152372700581DCE /* Frameworks */,
				E45A853A2152372700581DCE /* Resources */,
				E45A856121523D1100581DCE /* Embed Frameworks */,
			);
			buildRules = (
			);
			dependencies = (
			);
			name = "Reduxion-iOS";
			productName = "Reduxion-iOS";
			productReference = E45A853C2152372700581DCE /* Reduxion-iOS.app */;
			productType = "com.apple.product-type.application";
		};
		E4CE6AC02131498B00E4E865 /* Reduxion-iOSTests */ = {
			isa = PBXNativeTarget;
			buildConfigurationList = E4CE6ACF2131498B00E4E865 /* Build configuration list for PBXNativeTarget "Reduxion-iOSTests" */;
			buildPhases = (
				E4CE6ABD2131498B00E4E865 /* Sources */,
				E4CE6ABE2131498B00E4E865 /* Frameworks */,
				E4CE6ABF2131498B00E4E865 /* Resources */,
			);
			buildRules = (
			);
			dependencies = (
				E478EA2521636EAE008F05DB /* PBXTargetDependency */,
			);
			name = "Reduxion-iOSTests";
			productName = "Reduxion-iOSTests";
			productReference = E4CE6AC12131498B00E4E865 /* Reduxion-iOSTests.xctest */;
			productType = "com.apple.product-type.bundle.unit-test";
		};
/* End PBXNativeTarget section */

/* Begin PBXProject section */
		E4CE6AAF2131498B00E4E865 /* Project object */ = {
			isa = PBXProject;
			attributes = {
				LastSwiftUpdateCheck = 1000;
				LastUpgradeCheck = 1000;
				ORGANIZATIONNAME = "Ron Diamond";
				TargetAttributes = {
					E45A853B2152372700581DCE = {
						CreatedOnToolsVersion = 10.0;
					};
					E4CE6AC02131498B00E4E865 = {
						CreatedOnToolsVersion = 10.0;
						LastSwiftMigration = 1000;
						TestTargetID = E45A853B2152372700581DCE;
					};
				};
			};
			buildConfigurationList = E4CE6AB22131498B00E4E865 /* Build configuration list for PBXProject "Reduxion-iOS" */;
			compatibilityVersion = "Xcode 9.3";
			developmentRegion = en;
			hasScannedForEncodings = 0;
			knownRegions = (
				en,
				Base,
			);
			mainGroup = E4CE6AAE2131498B00E4E865;
			productRefGroup = E4CE6AB92131498B00E4E865 /* Products */;
			projectDirPath = "";
			projectRoot = "";
			targets = (
				E45A853B2152372700581DCE /* Reduxion-iOS */,
				E4CE6AC02131498B00E4E865 /* Reduxion-iOSTests */,
			);
		};
/* End PBXProject section */

/* Begin PBXResourcesBuildPhase section */
		E45A853A2152372700581DCE /* Resources */ = {
			isa = PBXResourcesBuildPhase;
			buildActionMask = 2147483647;
			files = (
				E49569FC221E4B040070FB31 /* StockQuoteMockData.json in Resources */,
				E49569FF221E4C0F0070FB31 /* License.txt in Resources */,
				E45A85492152372800581DCE /* LaunchScreen.storyboard in Resources */,
				E45A85462152372800581DCE /* Assets.xcassets in Resources */,
				E45A85442152372700581DCE /* Main.storyboard in Resources */,
			);
			runOnlyForDeploymentPostprocessing = 0;
		};
		E4CE6ABF2131498B00E4E865 /* Resources */ = {
			isa = PBXResourcesBuildPhase;
			buildActionMask = 2147483647;
			files = (
				E4956A00221E4C0F0070FB31 /* License.txt in Resources */,
				E49569FD221E4B040070FB31 /* StockQuoteMockData.json in Resources */,
				E48FE18C222BB5E1002646E7 /* Info.plist in Resources */,
			);
			runOnlyForDeploymentPostprocessing = 0;
		};
/* End PBXResourcesBuildPhase section */

/* Begin PBXSourcesBuildPhase section */
		E45A85382152372700581DCE /* Sources */ = {
			isa = PBXSourcesBuildPhase;
			buildActionMask = 2147483647;
			files = (
				E45A855021523B0000581DCE /* Actions.swift in Sources */,
				E4645F08222773DD00FCC46E /* AppUseCases.swift in Sources */,
				E45A855221523B0000581DCE /* LogicCoordinator.swift in Sources */,
				E45A855921523B1100581DCE /* StockQuoteLogic.swift in Sources */,
				E45A85412152372700581DCE /* StockQuoteViewController.swift in Sources */,
				E4BBF61F22262D6B00A1C5FA /* UseCaseFactory.swift in Sources */,
				E45A855A21523B1100581DCE /* StockQuoteService.swift in Sources */,
				E45A855521523B0500581DCE /* DataModel.swift in Sources */,
				E45A855721523B0A00581DCE /* ServiceActivityIndicator.swift in Sources */,
				E45A853F2152372700581DCE /* AppDelegate.swift in Sources */,
				E45A855121523B0000581DCE /* AppState.swift in Sources */,
				E45A855621523B0A00581DCE /* GeneralConstants.swift in Sources */,
				E49569F7221E464E0070FB31 /* ServiceConstants.swift in Sources */,
			);
			runOnlyForDeploymentPostprocessing = 0;
		};
		E4CE6ABD2131498B00E4E865 /* Sources */ = {
			isa = PBXSourcesBuildPhase;
			buildActionMask = 2147483647;
			files = (
				E4BBF62022262D6B00A1C5FA /* UseCaseFactory.swift in Sources */,
				E4645F09222773DD00FCC46E /* AppUseCases.swift in Sources */,
				E49569F8221E464E0070FB31 /* ServiceConstants.swift in Sources */,
				E4BBF6212226466E00A1C5FA /* AppDelegate.swift in Sources */,
				E4D4FE832133BEB600438A8F /* StockQuoteLogic.swift in Sources */,
				E4956A03221E50BA0070FB31 /* StockQuoteTests.swift in Sources */,
				E442F6082150951A000B37FE /* AppState.swift in Sources */,
				E45A850C215225BC00581DCE /* Actions.swift in Sources */,
				E4D4FE842133BEBB00438A8F /* LogicCoordinator.swift in Sources */,
				E4D4FE8D2133C28F00438A8F /* ServiceActivityIndicator.swift in Sources */,
				E44260AF2137BC6900A218C6 /* DataModel.swift in Sources */,
				E4D4FE872133BF0300438A8F /* StockQuoteService.swift in Sources */,
				E4D4FE8A2133BFBF00438A8F /* GeneralConstants.swift in Sources */,
			);
			runOnlyForDeploymentPostprocessing = 0;
		};
/* End PBXSourcesBuildPhase section */

/* Begin PBXTargetDependency section */
		E478EA2521636EAE008F05DB /* PBXTargetDependency */ = {
			isa = PBXTargetDependency;
			target = E45A853B2152372700581DCE /* Reduxion-iOS */;
			targetProxy = E478EA2421636EAE008F05DB /* PBXContainerItemProxy */;
		};
/* End PBXTargetDependency section */

/* Begin PBXVariantGroup section */
		E45A85422152372700581DCE /* Main.storyboard */ = {
			isa = PBXVariantGroup;
			children = (
				E45A85432152372700581DCE /* Base */,
			);
			name = Main.storyboard;
			sourceTree = "<group>";
		};
		E45A85472152372800581DCE /* LaunchScreen.storyboard */ = {
			isa = PBXVariantGroup;
			children = (
				E45A85482152372800581DCE /* Base */,
			);
			name = LaunchScreen.storyboard;
			sourceTree = "<group>";
		};
/* End PBXVariantGroup section */

/* Begin XCBuildConfiguration section */
		E45A854C2152372800581DCE /* Debug */ = {
			isa = XCBuildConfiguration;
			buildSettings = {
				ASSETCATALOG_COMPILER_APPICON_NAME = AppIcon;
				CODE_SIGN_STYLE = Automatic;
				DEVELOPMENT_TEAM = V9VSXUETUH;
				FRAMEWORK_SEARCH_PATHS = (
					"$(inherited)",
					"$(PROJECT_DIR)/Carthage/Build/iOS",
				);
				INFOPLIST_FILE = "Sample app/Info.plist";
				IPHONEOS_DEPLOYMENT_TARGET = 11.0;
				LD_RUNPATH_SEARCH_PATHS = (
					"$(inherited)",
					"@executable_path/Frameworks",
				);
				PRODUCT_BUNDLE_IDENTIFIER = "test4321.Reduxion-iOS";
				PRODUCT_NAME = "$(TARGET_NAME)";
				SWIFT_VERSION = 4.2;
				TARGETED_DEVICE_FAMILY = "1,2";
			};
			name = Debug;
		};
		E45A854D2152372800581DCE /* Release */ = {
			isa = XCBuildConfiguration;
			buildSettings = {
				ASSETCATALOG_COMPILER_APPICON_NAME = AppIcon;
				CODE_SIGN_STYLE = Automatic;
				DEVELOPMENT_TEAM = V9VSXUETUH;
				FRAMEWORK_SEARCH_PATHS = (
					"$(inherited)",
					"$(PROJECT_DIR)/Carthage/Build/iOS",
				);
				INFOPLIST_FILE = "Sample app/Info.plist";
				IPHONEOS_DEPLOYMENT_TARGET = 11.0;
				LD_RUNPATH_SEARCH_PATHS = (
					"$(inherited)",
					"@executable_path/Frameworks",
				);
				PRODUCT_BUNDLE_IDENTIFIER = "test4321.Reduxion-iOS";
				PRODUCT_NAME = "$(TARGET_NAME)";
				SWIFT_VERSION = 4.2;
				TARGETED_DEVICE_FAMILY = "1,2";
			};
			name = Release;
		};
		E4CE6ACA2131498B00E4E865 /* Debug */ = {
			isa = XCBuildConfiguration;
			buildSettings = {
				ALWAYS_SEARCH_USER_PATHS = NO;
				CLANG_ANALYZER_NONNULL = YES;
				CLANG_ANALYZER_NUMBER_OBJECT_CONVERSION = YES_AGGRESSIVE;
				CLANG_CXX_LANGUAGE_STANDARD = "gnu++14";
				CLANG_CXX_LIBRARY = "libc++";
				CLANG_ENABLE_MODULES = YES;
				CLANG_ENABLE_OBJC_ARC = YES;
				CLANG_ENABLE_OBJC_WEAK = YES;
				CLANG_WARN_BLOCK_CAPTURE_AUTORELEASING = YES;
				CLANG_WARN_BOOL_CONVERSION = YES;
				CLANG_WARN_COMMA = YES;
				CLANG_WARN_CONSTANT_CONVERSION = YES;
				CLANG_WARN_DEPRECATED_OBJC_IMPLEMENTATIONS = YES;
				CLANG_WARN_DIRECT_OBJC_ISA_USAGE = YES_ERROR;
				CLANG_WARN_DOCUMENTATION_COMMENTS = YES;
				CLANG_WARN_EMPTY_BODY = YES;
				CLANG_WARN_ENUM_CONVERSION = YES;
				CLANG_WARN_INFINITE_RECURSION = YES;
				CLANG_WARN_INT_CONVERSION = YES;
				CLANG_WARN_NON_LITERAL_NULL_CONVERSION = YES;
				CLANG_WARN_OBJC_IMPLICIT_RETAIN_SELF = YES;
				CLANG_WARN_OBJC_LITERAL_CONVERSION = YES;
				CLANG_WARN_OBJC_ROOT_CLASS = YES_ERROR;
				CLANG_WARN_RANGE_LOOP_ANALYSIS = YES;
				CLANG_WARN_STRICT_PROTOTYPES = YES;
				CLANG_WARN_SUSPICIOUS_MOVE = YES;
				CLANG_WARN_UNGUARDED_AVAILABILITY = YES_AGGRESSIVE;
				CLANG_WARN_UNREACHABLE_CODE = YES;
				CLANG_WARN__DUPLICATE_METHOD_MATCH = YES;
				CODE_SIGN_IDENTITY = "iPhone Developer";
				COPY_PHASE_STRIP = NO;
				CURRENT_PROJECT_VERSION = 1;
				DEBUG_INFORMATION_FORMAT = dwarf;
				ENABLE_STRICT_OBJC_MSGSEND = YES;
				ENABLE_TESTABILITY = YES;
				GCC_C_LANGUAGE_STANDARD = gnu11;
				GCC_DYNAMIC_NO_PIC = NO;
				GCC_NO_COMMON_BLOCKS = YES;
				GCC_OPTIMIZATION_LEVEL = 0;
				GCC_PREPROCESSOR_DEFINITIONS = (
					"DEBUG=1",
					"$(inherited)",
				);
				GCC_WARN_64_TO_32_BIT_CONVERSION = YES;
				GCC_WARN_ABOUT_RETURN_TYPE = YES_ERROR;
				GCC_WARN_UNDECLARED_SELECTOR = YES;
				GCC_WARN_UNINITIALIZED_AUTOS = YES_AGGRESSIVE;
				GCC_WARN_UNUSED_FUNCTION = YES;
				GCC_WARN_UNUSED_VARIABLE = YES;
				IPHONEOS_DEPLOYMENT_TARGET = 10.0;
				MTL_ENABLE_DEBUG_INFO = INCLUDE_SOURCE;
				MTL_FAST_MATH = YES;
				ONLY_ACTIVE_ARCH = YES;
				SDKROOT = iphoneos;
				SWIFT_ACTIVE_COMPILATION_CONDITIONS = DEBUG;
				SWIFT_OPTIMIZATION_LEVEL = "-Onone";
				VERSIONING_SYSTEM = "apple-generic";
				VERSION_INFO_PREFIX = "";
			};
			name = Debug;
		};
		E4CE6ACB2131498B00E4E865 /* Release */ = {
			isa = XCBuildConfiguration;
			buildSettings = {
				ALWAYS_SEARCH_USER_PATHS = NO;
				CLANG_ANALYZER_NONNULL = YES;
				CLANG_ANALYZER_NUMBER_OBJECT_CONVERSION = YES_AGGRESSIVE;
				CLANG_CXX_LANGUAGE_STANDARD = "gnu++14";
				CLANG_CXX_LIBRARY = "libc++";
				CLANG_ENABLE_MODULES = YES;
				CLANG_ENABLE_OBJC_ARC = YES;
				CLANG_ENABLE_OBJC_WEAK = YES;
				CLANG_WARN_BLOCK_CAPTURE_AUTORELEASING = YES;
				CLANG_WARN_BOOL_CONVERSION = YES;
				CLANG_WARN_COMMA = YES;
				CLANG_WARN_CONSTANT_CONVERSION = YES;
				CLANG_WARN_DEPRECATED_OBJC_IMPLEMENTATIONS = YES;
				CLANG_WARN_DIRECT_OBJC_ISA_USAGE = YES_ERROR;
				CLANG_WARN_DOCUMENTATION_COMMENTS = YES;
				CLANG_WARN_EMPTY_BODY = YES;
				CLANG_WARN_ENUM_CONVERSION = YES;
				CLANG_WARN_INFINITE_RECURSION = YES;
				CLANG_WARN_INT_CONVERSION = YES;
				CLANG_WARN_NON_LITERAL_NULL_CONVERSION = YES;
				CLANG_WARN_OBJC_IMPLICIT_RETAIN_SELF = YES;
				CLANG_WARN_OBJC_LITERAL_CONVERSION = YES;
				CLANG_WARN_OBJC_ROOT_CLASS = YES_ERROR;
				CLANG_WARN_RANGE_LOOP_ANALYSIS = YES;
				CLANG_WARN_STRICT_PROTOTYPES = YES;
				CLANG_WARN_SUSPICIOUS_MOVE = YES;
				CLANG_WARN_UNGUARDED_AVAILABILITY = YES_AGGRESSIVE;
				CLANG_WARN_UNREACHABLE_CODE = YES;
				CLANG_WARN__DUPLICATE_METHOD_MATCH = YES;
				CODE_SIGN_IDENTITY = "iPhone Developer";
				COPY_PHASE_STRIP = NO;
				CURRENT_PROJECT_VERSION = 1;
				DEBUG_INFORMATION_FORMAT = "dwarf-with-dsym";
				ENABLE_NS_ASSERTIONS = NO;
				ENABLE_STRICT_OBJC_MSGSEND = YES;
				GCC_C_LANGUAGE_STANDARD = gnu11;
				GCC_NO_COMMON_BLOCKS = YES;
				GCC_WARN_64_TO_32_BIT_CONVERSION = YES;
				GCC_WARN_ABOUT_RETURN_TYPE = YES_ERROR;
				GCC_WARN_UNDECLARED_SELECTOR = YES;
				GCC_WARN_UNINITIALIZED_AUTOS = YES_AGGRESSIVE;
				GCC_WARN_UNUSED_FUNCTION = YES;
				GCC_WARN_UNUSED_VARIABLE = YES;
				IPHONEOS_DEPLOYMENT_TARGET = 10.0;
				MTL_ENABLE_DEBUG_INFO = NO;
				MTL_FAST_MATH = YES;
				SDKROOT = iphoneos;
				SWIFT_COMPILATION_MODE = wholemodule;
				SWIFT_OPTIMIZATION_LEVEL = "-O";
				VALIDATE_PRODUCT = YES;
				VERSIONING_SYSTEM = "apple-generic";
				VERSION_INFO_PREFIX = "";
			};
			name = Release;
		};
		E4CE6AD02131498B00E4E865 /* Debug */ = {
			isa = XCBuildConfiguration;
			buildSettings = {
				ALWAYS_EMBED_SWIFT_STANDARD_LIBRARIES = YES;
				CLANG_ENABLE_MODULES = YES;
				CODE_SIGN_STYLE = Automatic;
				DEVELOPMENT_TEAM = V9VSXUETUH;
				FRAMEWORK_SEARCH_PATHS = (
					"$(inherited)",
					"$(PROJECT_DIR)/Carthage/Build/iOS",
					"$(PROJECT_DIR)/third-party\\ dependencies/Frameworks",
				);
				INFOPLIST_FILE = "Reduxion-iOSTests/Info.plist";
				LD_RUNPATH_SEARCH_PATHS = (
					"$(inherited)",
					"@executable_path/Frameworks",
					"@loader_path/Frameworks",
				);
				PRODUCT_BUNDLE_IDENTIFIER = "test4321.Reduxion-iOSTests";
				PRODUCT_NAME = "$(TARGET_NAME)";
				SWIFT_OBJC_BRIDGING_HEADER = "Reduxion iOS/third-party dependencies/Reduxion-iOSTests-Bridging-Header.h";
				SWIFT_OPTIMIZATION_LEVEL = "-Onone";
				SWIFT_VERSION = 4.2;
				TARGETED_DEVICE_FAMILY = "1,2";
				TEST_HOST = "$(BUILT_PRODUCTS_DIR)/Reduxion-iOS.app/Reduxion-iOS";
			};
			name = Debug;
		};
		E4CE6AD12131498B00E4E865 /* Release */ = {
			isa = XCBuildConfiguration;
			buildSettings = {
				ALWAYS_EMBED_SWIFT_STANDARD_LIBRARIES = YES;
				CLANG_ENABLE_MODULES = YES;
				CODE_SIGN_STYLE = Automatic;
				DEVELOPMENT_TEAM = V9VSXUETUH;
				FRAMEWORK_SEARCH_PATHS = (
					"$(inherited)",
					"$(PROJECT_DIR)/Carthage/Build/iOS",
					"$(PROJECT_DIR)/third-party\\ dependencies/Frameworks",
				);
				INFOPLIST_FILE = "Reduxion-iOSTests/Info.plist";
				LD_RUNPATH_SEARCH_PATHS = (
					"$(inherited)",
					"@executable_path/Frameworks",
					"@loader_path/Frameworks",
				);
				PRODUCT_BUNDLE_IDENTIFIER = "test4321.Reduxion-iOSTests";
				PRODUCT_NAME = "$(TARGET_NAME)";
				SWIFT_OBJC_BRIDGING_HEADER = "Reduxion iOS/third-party dependencies/Reduxion-iOSTests-Bridging-Header.h";
				SWIFT_VERSION = 4.2;
				TARGETED_DEVICE_FAMILY = "1,2";
				TEST_HOST = "$(BUILT_PRODUCTS_DIR)/Reduxion-iOS.app/Reduxion-iOS";
			};
			name = Release;
		};
/* End XCBuildConfiguration section */

/* Begin XCConfigurationList section */
		E45A854B2152372800581DCE /* Build configuration list for PBXNativeTarget "Reduxion-iOS" */ = {
			isa = XCConfigurationList;
			buildConfigurations = (
				E45A854C2152372800581DCE /* Debug */,
				E45A854D2152372800581DCE /* Release */,
			);
			defaultConfigurationIsVisible = 0;
			defaultConfigurationName = Release;
		};
		E4CE6AB22131498B00E4E865 /* Build configuration list for PBXProject "Reduxion-iOS" */ = {
			isa = XCConfigurationList;
			buildConfigurations = (
				E4CE6ACA2131498B00E4E865 /* Debug */,
				E4CE6ACB2131498B00E4E865 /* Release */,
			);
			defaultConfigurationIsVisible = 0;
			defaultConfigurationName = Release;
		};
		E4CE6ACF2131498B00E4E865 /* Build configuration list for PBXNativeTarget "Reduxion-iOSTests" */ = {
			isa = XCConfigurationList;
			buildConfigurations = (
				E4CE6AD02131498B00E4E865 /* Debug */,
				E4CE6AD12131498B00E4E865 /* Release */,
			);
			defaultConfigurationIsVisible = 0;
			defaultConfigurationName = Release;
		};
/* End XCConfigurationList section */
	};
	rootObject = E4CE6AAF2131498B00E4E865 /* Project object */;
}
